// !$*UTF8*$!
{
	archiveVersion = 1;
	classes = {
	};
	objectVersion = 50;
	objects = {

/* Begin PBXBuildFile section */
		D3DF6CE1214E865700F60527 /* AppDelegate.swift in Sources */ = {isa = PBXBuildFile; fileRef = D3DF6CE0214E865700F60527 /* AppDelegate.swift */; };
		D3DF6CE3214E865700F60527 /* ViewController.swift in Sources */ = {isa = PBXBuildFile; fileRef = D3DF6CE2214E865700F60527 /* ViewController.swift */; };
		D3DF6CE6214E865700F60527 /* Main.storyboard in Resources */ = {isa = PBXBuildFile; fileRef = D3DF6CE4214E865700F60527 /* Main.storyboard */; };
		D3DF6CE9214E865700F60527 /* GitStartup.xcdatamodeld in Sources */ = {isa = PBXBuildFile; fileRef = D3DF6CE7214E865700F60527 /* GitStartup.xcdatamodeld */; };
		D3DF6CEB214E865E00F60527 /* Assets.xcassets in Resources */ = {isa = PBXBuildFile; fileRef = D3DF6CEA214E865E00F60527 /* Assets.xcassets */; };
		D3DF6CEE214E865E00F60527 /* LaunchScreen.storyboard in Resources */ = {isa = PBXBuildFile; fileRef = D3DF6CEC214E865E00F60527 /* LaunchScreen.storyboard */; };
/* End PBXBuildFile section */

/* Begin PBXFileReference section */
		D3DF6CDD214E865700F60527 /* GitStartup.app */ = {isa = PBXFileReference; explicitFileType = wrapper.application; includeInIndex = 0; path = GitStartup.app; sourceTree = BUILT_PRODUCTS_DIR; };
		D3DF6CE0214E865700F60527 /* AppDelegate.swift */ = {isa = PBXFileReference; lastKnownFileType = sourcecode.swift; path = AppDelegate.swift; sourceTree = "<group>"; };
		D3DF6CE2214E865700F60527 /* ViewController.swift */ = {isa = PBXFileReference; lastKnownFileType = sourcecode.swift; path = ViewController.swift; sourceTree = "<group>"; };
		D3DF6CE5214E865700F60527 /* Base */ = {isa = PBXFileReference; lastKnownFileType = file.storyboard; name = Base; path = Base.lproj/Main.storyboard; sourceTree = "<group>"; };
		D3DF6CE8214E865700F60527 /* GitStartup.xcdatamodel */ = {isa = PBXFileReference; lastKnownFileType = wrapper.xcdatamodel; path = GitStartup.xcdatamodel; sourceTree = "<group>"; };
		D3DF6CEA214E865E00F60527 /* Assets.xcassets */ = {isa = PBXFileReference; lastKnownFileType = folder.assetcatalog; path = Assets.xcassets; sourceTree = "<group>"; };
		D3DF6CED214E865E00F60527 /* Base */ = {isa = PBXFileReference; lastKnownFileType = file.storyboard; name = Base; path = Base.lproj/LaunchScreen.storyboard; sourceTree = "<group>"; };
		D3DF6CEF214E865E00F60527 /* Info.plist */ = {isa = PBXFileReference; lastKnownFileType = text.plist.xml; path = Info.plist; sourceTree = "<group>"; };
/* End PBXFileReference section */

/* Begin PBXFrameworksBuildPhase section */
		D3DF6CDA214E865700F60527 /* Frameworks */ = {
			isa = PBXFrameworksBuildPhase;
			buildActionMask = 2147483647;
			files = (
			);
			runOnlyForDeploymentPostprocessing = 0;
		};
/* End PBXFrameworksBuildPhase section */

/* Begin PBXGroup section */
		D3DF6CD4214E865700F60527 = {
			isa = PBXGroup;
			children = (
				D3DF6CDF214E865700F60527 /* GitStartup */,
				D3DF6CDE214E865700F60527 /* Products */,
			);
			sourceTree = "<group>";
		};
		D3DF6CDE214E865700F60527 /* Products */ = {
			isa = PBXGroup;
			children = (
				D3DF6CDD214E865700F60527 /* GitStartup.app */,
			);
			name = Products;
			sourceTree = "<group>";
		};
		D3DF6CDF214E865700F60527 /* GitStartup */ = {
			isa = PBXGroup;
			children = (
				D3DF6CE0214E865700F60527 /* AppDelegate.swift */,
				D3DF6CE2214E865700F60527 /* ViewController.swift */,
				D3DF6CE4214E865700F60527 /* Main.storyboard */,
				D3DF6CEA214E865E00F60527 /* Assets.xcassets */,
				D3DF6CEC214E865E00F60527 /* LaunchScreen.storyboard */,
				D3DF6CEF214E865E00F60527 /* Info.plist */,
				D3DF6CE7214E865700F60527 /* GitStartup.xcdatamodeld */,
			);
			path = GitStartup;
			sourceTree = "<group>";
		};
/* End PBXGroup section */

/* Begin PBXNativeTarget section */
		D3DF6CDC214E865700F60527 /* GitStartup */ = {
			isa = PBXNativeTarget;
			buildConfigurationList = D3DF6CF2214E865E00F60527 /* Build configuration list for PBXNativeTarget "GitStartup" */;
			buildPhases = (
				D3DF6CD9214E865700F60527 /* Sources */,
				D3DF6CDA214E865700F60527 /* Frameworks */,
				D3DF6CDB214E865700F60527 /* Resources */,
			);
			buildRules = (
			);
			dependencies = (
			);
			name = GitStartup;
			productName = GitStartup;
			productReference = D3DF6CDD214E865700F60527 /* GitStartup.app */;
			productType = "com.apple.product-type.application";
		};
/* End PBXNativeTarget section */

/* Begin PBXProject section */
		D3DF6CD5214E865700F60527 /* Project object */ = {
			isa = PBXProject;
			attributes = {
				LastSwiftUpdateCheck = 0940;
				LastUpgradeCheck = 0940;
				ORGANIZATIONNAME = Home;
				TargetAttributes = {
					D3DF6CDC214E865700F60527 = {
						CreatedOnToolsVersion = 9.4.1;
					};
				};
			};
			buildConfigurationList = D3DF6CD8214E865700F60527 /* Build configuration list for PBXProject "GitStartup" */;
			compatibilityVersion = "Xcode 9.3";
			developmentRegion = en;
			hasScannedForEncodings = 0;
			knownRegions = (
				en,
				Base,
			);
			mainGroup = D3DF6CD4214E865700F60527;
			productRefGroup = D3DF6CDE214E865700F60527 /* Products */;
			projectDirPath = "";
			projectRoot = "";
			targets = (
				D3DF6CDC214E865700F60527 /* GitStartup */,
			);
		};
/* End PBXProject section */

/* Begin PBXResourcesBuildPhase section */
		D3DF6CDB214E865700F60527 /* Resources */ = {
			isa = PBXResourcesBuildPhase;
			buildActionMask = 2147483647;
			files = (
				D3DF6CEE214E865E00F60527 /* LaunchScreen.storyboard in Resources */,
				D3DF6CEB214E865E00F60527 /* Assets.xcassets in Resources */,
				D3DF6CE6214E865700F60527 /* Main.storyboard in Resources */,
			);
			runOnlyForDeploymentPostprocessing = 0;
		};
/* End PBXResourcesBuildPhase section */

/* Begin PBXSourcesBuildPhase section */
		D3DF6CD9214E865700F60527 /* Sources */ = {
			isa = PBXSourcesBuildPhase;
			buildActionMask = 2147483647;
			files = (
				D3DF6CE3214E865700F60527 /* ViewController.swift in Sources */,
				D3DF6CE1214E865700F60527 /* AppDelegate.swift in Sources */,
				D3DF6CE9214E865700F60527 /* GitStartup.xcdatamodeld in Sources */,
			);
			runOnlyForDeploymentPostprocessing = 0;
		};
/* End PBXSourcesBuildPhase section */

/* Begin PBXVariantGroup section */
		D3DF6CE4214E865700F60527 /* Main.storyboard */ = {
			isa = PBXVariantGroup;
			children = (
				D3DF6CE5214E865700F60527 /* Base */,
			);
			name = Main.storyboard;
			sourceTree = "<group>";
		};
		D3DF6CEC214E865E00F60527 /* LaunchScreen.storyboard */ = {
			isa = PBXVariantGroup;
			children = (
				D3DF6CED214E865E00F60527 /* Base */,
			);
			name = LaunchScreen.storyboard;
			sourceTree = "<group>";
		};
/* End PBXVariantGroup section */

/* Begin XCBuildConfiguration section */
		D3DF6CF0214E865E00F60527 /* Debug */ = {
			isa = XCBuildConfiguration;
			buildSettings = {
				ALWAYS_SEARCH_USER_PATHS = NO;
				CLANG_ANALYZER_NONNULL = YES;
				CLANG_ANALYZER_NUMBER_OBJECT_CONVERSION = YES_AGGRESSIVE;
				CLANG_CXX_LANGUAGE_STANDARD = "gnu++14";
				CLANG_CXX_LIBRARY = "libc++";
				CLANG_ENABLE_MODULES = YES;
				CLANG_ENABLE_OBJC_ARC = YES;
				CLANG_ENABLE_OBJC_WEAK = YES;
				CLANG_WARN_BLOCK_CAPTURE_AUTORELEASING = YES;
				CLANG_WARN_BOOL_CONVERSION = YES;
				CLANG_WARN_COMMA = YES;
				CLANG_WARN_CONSTANT_CONVERSION = YES;
				CLANG_WARN_DEPRECATED_OBJC_IMPLEMENTATIONS = YES;
				CLANG_WARN_DIRECT_OBJC_ISA_USAGE = YES_ERROR;
				CLANG_WARN_DOCUMENTATION_COMMENTS = YES;
				CLANG_WARN_EMPTY_BODY = YES;
				CLANG_WARN_ENUM_CONVERSION = YES;
				CLANG_WARN_INFINITE_RECURSION = YES;
				CLANG_WARN_INT_CONVERSION = YES;
				CLANG_WARN_NON_LITERAL_NULL_CONVERSION = YES;
				CLANG_WARN_OBJC_IMPLICIT_RETAIN_SELF = YES;
				CLANG_WARN_OBJC_LITERAL_CONVERSION = YES;
				CLANG_WARN_OBJC_ROOT_CLASS = YES_ERROR;
				CLANG_WARN_RANGE_LOOP_ANALYSIS = YES;
				CLANG_WARN_STRICT_PROTOTYPES = YES;
				CLANG_WARN_SUSPICIOUS_MOVE = YES;
				CLANG_WARN_UNGUARDED_AVAILABILITY = YES_AGGRESSIVE;
				CLANG_WARN_UNREACHABLE_CODE = YES;
				CLANG_WARN__DUPLICATE_METHOD_MATCH = YES;
				CODE_SIGN_IDENTITY = "iPhone Developer";
				COPY_PHASE_STRIP = NO;
				DEBUG_INFORMATION_FORMAT = dwarf;
				ENABLE_STRICT_OBJC_MSGSEND = YES;
				ENABLE_TESTABILITY = YES;
				GCC_C_LANGUAGE_STANDARD = gnu11;
				GCC_DYNAMIC_NO_PIC = NO;
				GCC_NO_COMMON_BLOCKS = YES;
				GCC_OPTIMIZATION_LEVEL = 0;
				GCC_PREPROCESSOR_DEFINITIONS = (
					"DEBUG=1",
					"$(inherited)",
				);
				GCC_WARN_64_TO_32_BIT_CONVERSION = YES;
				GCC_WARN_ABOUT_RETURN_TYPE = YES_ERROR;
				GCC_WARN_UNDECLARED_SELECTOR = YES;
				GCC_WARN_UNINITIALIZED_AUTOS = YES_AGGRESSIVE;
				GCC_WARN_UNUSED_FUNCTION = YES;
				GCC_WARN_UNUSED_VARIABLE = YES;
				IPHONEOS_DEPLOYMENT_TARGET = 11.4;
				MTL_ENABLE_DEBUG_INFO = YES;
				ONLY_ACTIVE_ARCH = YES;
				SDKROOT = iphoneos;
				SWIFT_ACTIVE_COMPILATION_CONDITIONS = DEBUG;
				SWIFT_OPTIMIZATION_LEVEL = "-Onone";
			};
			name = Debug;
		};
		D3DF6CF1214E865E00F60527 /* Release */ = {
			isa = XCBuildConfiguration;
			buildSettings = {
				ALWAYS_SEARCH_USER_PATHS = NO;
				CLANG_ANALYZER_NONNULL = YES;
				CLANG_ANALYZER_NUMBER_OBJECT_CONVERSION = YES_AGGRESSIVE;
				CLANG_CXX_LANGUAGE_STANDARD = "gnu++14";
				CLANG_CXX_LIBRARY = "libc++";
				CLANG_ENABLE_MODULES = YES;
				CLANG_ENABLE_OBJC_ARC = YES;
				CLANG_ENABLE_OBJC_WEAK = YES;
				CLANG_WARN_BLOCK_CAPTURE_AUTORELEASING = YES;
				CLANG_WARN_BOOL_CONVERSION = YES;
				CLANG_WARN_COMMA = YES;
				CLANG_WARN_CONSTANT_CONVERSION = YES;
				CLANG_WARN_DEPRECATED_OBJC_IMPLEMENTATIONS = YES;
				CLANG_WARN_DIRECT_OBJC_ISA_USAGE = YES_ERROR;
				CLANG_WARN_DOCUMENTATION_COMMENTS = YES;
				CLANG_WARN_EMPTY_BODY = YES;
				CLANG_WARN_ENUM_CONVERSION = YES;
				CLANG_WARN_INFINITE_RECURSION = YES;
				CLANG_WARN_INT_CONVERSION = YES;
				CLANG_WARN_NON_LITERAL_NULL_CONVERSION = YES;
				CLANG_WARN_OBJC_IMPLICIT_RETAIN_SELF = YES;
				CLANG_WARN_OBJC_LITERAL_CONVERSION = YES;
				CLANG_WARN_OBJC_ROOT_CLASS = YES_ERROR;
				CLANG_WARN_RANGE_LOOP_ANALYSIS = YES;
				CLANG_WARN_STRICT_PROTOTYPES = YES;
				CLANG_WARN_SUSPICIOUS_MOVE = YES;
				CLANG_WARN_UNGUARDED_AVAILABILITY = YES_AGGRESSIVE;
				CLANG_WARN_UNREACHABLE_CODE = YES;
				CLANG_WARN__DUPLICATE_METHOD_MATCH = YES;
				CODE_SIGN_IDENTITY = "iPhone Developer";
				COPY_PHASE_STRIP = NO;
				DEBUG_INFORMATION_FORMAT = "dwarf-with-dsym";
				ENABLE_NS_ASSERTIONS = NO;
				ENABLE_STRICT_OBJC_MSGSEND = YES;
				GCC_C_LANGUAGE_STANDARD = gnu11;
				GCC_NO_COMMON_BLOCKS = YES;
				GCC_WARN_64_TO_32_BIT_CONVERSION = YES;
				GCC_WARN_ABOUT_RETURN_TYPE = YES_ERROR;
				GCC_WARN_UNDECLARED_SELECTOR = YES;
				GCC_WARN_UNINITIALIZED_AUTOS = YES_AGGRESSIVE;
				GCC_WARN_UNUSED_FUNCTION = YES;
				GCC_WARN_UNUSED_VARIABLE = YES;
				IPHONEOS_DEPLOYMENT_TARGET = 11.4;
				MTL_ENABLE_DEBUG_INFO = NO;
				SDKROOT = iphoneos;
				SWIFT_COMPILATION_MODE = wholemodule;
				SWIFT_OPTIMIZATION_LEVEL = "-O";
				VALIDATE_PRODUCT = YES;
			};
			name = Release;
		};
		D3DF6CF3214E865E00F60527 /* Debug */ = {
			isa = XCBuildConfiguration;
			buildSettings = {
				ASSETCATALOG_COMPILER_APPICON_NAME = AppIcon;
				CODE_SIGN_STYLE = Automatic;
				DEVELOPMENT_TEAM = 4544W8D2X8;
				INFOPLIST_FILE = GitStartup/Info.plist;
				LD_RUNPATH_SEARCH_PATHS = (
					"$(inherited)",
					"@executable_path/Frameworks",
				);
				PRODUCT_BUNDLE_IDENTIFIER = com.mehdi.GitStartup;
				PRODUCT_NAME = "$(TARGET_NAME)";
				SWIFT_VERSION = 4.0;
				TARGETED_DEVICE_FAMILY = "1,2";
			};
			name = Debug;
		};
		D3DF6CF4214E865E00F60527 /* Release */ = {
			isa = XCBuildConfiguration;
			buildSettings = {
				ASSETCATALOG_COMPILER_APPICON_NAME = AppIcon;
				CODE_SIGN_STYLE = Automatic;
				DEVELOPMENT_TEAM = 4544W8D2X8;
				INFOPLIST_FILE = GitStartup/Info.plist;
				LD_RUNPATH_SEARCH_PATHS = (
					"$(inherited)",
					"@executable_path/Frameworks",
				);
				PRODUCT_BUNDLE_IDENTIFIER = com.mehdi.GitStartup;
				PRODUCT_NAME = "$(TARGET_NAME)";
				SWIFT_VERSION = 4.0;
				TARGETED_DEVICE_FAMILY = "1,2";
			};
			name = Release;
		};
/* End XCBuildConfiguration section */

/* Begin XCConfigurationList section */
		D3DF6CD8214E865700F60527 /* Build configuration list for PBXProject "GitStartup" */ = {
			isa = XCConfigurationList;
			buildConfigurations = (
				D3DF6CF0214E865E00F60527 /* Debug */,
				D3DF6CF1214E865E00F60527 /* Release */,
			);
			defaultConfigurationIsVisible = 0;
			defaultConfigurationName = Release;
		};
		D3DF6CF2214E865E00F60527 /* Build configuration list for PBXNativeTarget "GitStartup" */ = {
			isa = XCConfigurationList;
			buildConfigurations = (
				D3DF6CF3214E865E00F60527 /* Debug */,
				D3DF6CF4214E865E00F60527 /* Release */,
			);
			defaultConfigurationIsVisible = 0;
			defaultConfigurationName = Release;
		};
/* End XCConfigurationList section */

/* Begin XCVersionGroup section */
		D3DF6CE7214E865700F60527 /* GitStartup.xcdatamodeld */ = {
			isa = XCVersionGroup;
			children = (
				D3DF6CE8214E865700F60527 /* GitStartup.xcdatamodel */,
			);
			currentVersion = D3DF6CE8214E865700F60527 /* GitStartup.xcdatamodel */;
			path = GitStartup.xcdatamodeld;
			sourceTree = "<group>";
			versionGroupType = wrapper.xcdatamodel;
		};
/* End XCVersionGroup section */
	};
	rootObject = D3DF6CD5214E865700F60527 /* Project object */;
}
